
Microsoft Visual Studio Solution File, Format Version 12.00
# Visual Studio Version 17
VisualStudioVersion = 17.3.32505.426
MinimumVisualStudioVersion = 10.0.40219.1
Project("{2150E333-8FDC-42A3-9474-1A3956D46DE8}") = "gen", "gen", "{721EA9CD-FCA0-4484-9226-F4CD3833959F}"
EndProject
Project("{9A19103F-16F7-4668-BE54-9A1E7A4F7556}") = "SMF.Addons.SourceGenerator", "gen\SMF.Addons.SourceGenerator\SMF.Addons.SourceGenerator.csproj", "{70CF49CC-BBB0-4EFA-9229-DE64FF31ACF1}"
EndProject
Project("{9A19103F-16F7-4668-BE54-9A1E7A4F7556}") = "SMF.SourceGenerator.Abstractions", "gen\SMF.SourceGenerator.Abstractions\SMF.SourceGenerator.Abstractions.csproj", "{0CEE4765-8F40-4CF2-8E6F-AB3C107868CE}"
EndProject
Project("{9A19103F-16F7-4668-BE54-9A1E7A4F7556}") = "SMF.SourceGenerator.Core", "gen\SMF.SourceGenerator.Core\SMF.SourceGenerator.Core.csproj", "{1ACFFAE4-AA23-4709-BE7F-CFFEF41DD22E}"
EndProject
Project("{2150E333-8FDC-42A3-9474-1A3956D46DE8}") = "libraries", "libraries", "{FC477916-E302-451B-A80E-3DA85147354E}"
EndProject
Project("{9A19103F-16F7-4668-BE54-9A1E7A4F7556}") = "SMF.FileTransmitter", "libraries\SMF.FileTransmitter\SMF.FileTransmitter.csproj", "{D44B907B-1CA6-4ECB-8869-83F637D4B45E}"
EndProject
Project("{9A19103F-16F7-4668-BE54-9A1E7A4F7556}") = "SMF.ORM", "libraries\SMF.ORM\SMF.ORM.csproj", "{68BB24DC-D74F-4FCF-A838-D1747F0AE4C7}"
EndProject
Project("{2150E333-8FDC-42A3-9474-1A3956D46DE8}") = "src", "src", "{BF6E921C-B890-4F0E-91CD-BCB060D906E5}"
EndProject
Project("{9A19103F-16F7-4668-BE54-9A1E7A4F7556}") = "SMF.PointOfSale", "sample\SMF.PointOfSale\SMF.PointOfSale.csproj", "{BD7C0D87-3E13-489C-A92F-D367AEFEFA72}"
EndProject
Project("{9A19103F-16F7-4668-BE54-9A1E7A4F7556}") = "SMF.API.SourceGenerator", "gen\SMF.API.SourceGenerator\SMF.API.SourceGenerator.csproj", "{C0553BFF-23F5-4F6C-90A8-46C0EADCD0F3}"
EndProject
Project("{9A19103F-16F7-4668-BE54-9A1E7A4F7556}") = "SMF.Application.SourceGenerator", "gen\SMF.Application.SourceGenerator\SMF.Application.SourceGenerator.csproj", "{55A11592-E231-4F4D-B0FD-00E32A5A2C23}"
EndProject
Project("{9A19103F-16F7-4668-BE54-9A1E7A4F7556}") = "SMF.Domain.SourceGenerator", "gen\SMF.Domain.SourceGenerator\SMF.Domain.SourceGenerator.csproj", "{70B07DE6-8033-451B-A779-305676AC8BA3}"
EndProject
Project("{9A19103F-16F7-4668-BE54-9A1E7A4F7556}") = "SMF.Infrastructure.SourceGenerator", "gen\SMF.Infrastructure.SourceGenerator\SMF.Infrastructure.SourceGenerator.csproj", "{39B6A30E-3B8B-42CC-ABAF-DF282A0F72CD}"
EndProject
Project("{9A19103F-16F7-4668-BE54-9A1E7A4F7556}") = "SMF.Grpc.SourceGenerator", "gen\SMF.Grpc.SourceGenerator\SMF.Grpc.SourceGenerator.csproj", "{5AEC0EE4-5C38-4AB3-8D3E-CF9DBDD0C365}"
EndProject
Global
	GlobalSection(SolutionConfigurationPlatforms) = preSolution
		Debug|Any CPU = Debug|Any CPU
		Release|Any CPU = Release|Any CPU
	EndGlobalSection
	GlobalSection(ProjectConfigurationPlatforms) = postSolution
		{70CF49CC-BBB0-4EFA-9229-DE64FF31ACF1}.Debug|Any CPU.ActiveCfg = Debug|Any CPU
		{70CF49CC-BBB0-4EFA-9229-DE64FF31ACF1}.Debug|Any CPU.Build.0 = Debug|Any CPU
		{70CF49CC-BBB0-4EFA-9229-DE64FF31ACF1}.Release|Any CPU.ActiveCfg = Release|Any CPU
		{70CF49CC-BBB0-4EFA-9229-DE64FF31ACF1}.Release|Any CPU.Build.0 = Release|Any CPU
		{0CEE4765-8F40-4CF2-8E6F-AB3C107868CE}.Debug|Any CPU.ActiveCfg = Debug|Any CPU
		{0CEE4765-8F40-4CF2-8E6F-AB3C107868CE}.Debug|Any CPU.Build.0 = Debug|Any CPU
		{0CEE4765-8F40-4CF2-8E6F-AB3C107868CE}.Release|Any CPU.ActiveCfg = Release|Any CPU
		{0CEE4765-8F40-4CF2-8E6F-AB3C107868CE}.Release|Any CPU.Build.0 = Release|Any CPU
		{1ACFFAE4-AA23-4709-BE7F-CFFEF41DD22E}.Debug|Any CPU.ActiveCfg = Debug|Any CPU
		{1ACFFAE4-AA23-4709-BE7F-CFFEF41DD22E}.Debug|Any CPU.Build.0 = Debug|Any CPU
		{1ACFFAE4-AA23-4709-BE7F-CFFEF41DD22E}.Release|Any CPU.ActiveCfg = Release|Any CPU
		{1ACFFAE4-AA23-4709-BE7F-CFFEF41DD22E}.Release|Any CPU.Build.0 = Release|Any CPU
		{D44B907B-1CA6-4ECB-8869-83F637D4B45E}.Debug|Any CPU.ActiveCfg = Debug|Any CPU
		{D44B907B-1CA6-4ECB-8869-83F637D4B45E}.Debug|Any CPU.Build.0 = Debug|Any CPU
		{D44B907B-1CA6-4ECB-8869-83F637D4B45E}.Release|Any CPU.ActiveCfg = Release|Any CPU
		{D44B907B-1CA6-4ECB-8869-83F637D4B45E}.Release|Any CPU.Build.0 = Release|Any CPU
		{68BB24DC-D74F-4FCF-A838-D1747F0AE4C7}.Debug|Any CPU.ActiveCfg = Debug|Any CPU
		{68BB24DC-D74F-4FCF-A838-D1747F0AE4C7}.Debug|Any CPU.Build.0 = Debug|Any CPU
		{68BB24DC-D74F-4FCF-A838-D1747F0AE4C7}.Release|Any CPU.ActiveCfg = Release|Any CPU
		{68BB24DC-D74F-4FCF-A838-D1747F0AE4C7}.Release|Any CPU.Build.0 = Release|Any CPU
		{BD7C0D87-3E13-489C-A92F-D367AEFEFA72}.Debug|Any CPU.ActiveCfg = Debug|Any CPU
		{BD7C0D87-3E13-489C-A92F-D367AEFEFA72}.Debug|Any CPU.Build.0 = Debug|Any CPU
		{BD7C0D87-3E13-489C-A92F-D367AEFEFA72}.Release|Any CPU.ActiveCfg = Release|Any CPU
		{BD7C0D87-3E13-489C-A92F-D367AEFEFA72}.Release|Any CPU.Build.0 = Release|Any CPU
		{C0553BFF-23F5-4F6C-90A8-46C0EADCD0F3}.Debug|Any CPU.ActiveCfg = Debug|Any CPU
		{C0553BFF-23F5-4F6C-90A8-46C0EADCD0F3}.Debug|Any CPU.Build.0 = Debug|Any CPU
		{C0553BFF-23F5-4F6C-90A8-46C0EADCD0F3}.Release|Any CPU.ActiveCfg = Release|Any CPU
		{C0553BFF-23F5-4F6C-90A8-46C0EADCD0F3}.Release|Any CPU.Build.0 = Release|Any CPU
		{55A11592-E231-4F4D-B0FD-00E32A5A2C23}.Debug|Any CPU.ActiveCfg = Debug|Any CPU
		{55A11592-E231-4F4D-B0FD-00E32A5A2C23}.Debug|Any CPU.Build.0 = Debug|Any CPU
		{55A11592-E231-4F4D-B0FD-00E32A5A2C23}.Release|Any CPU.ActiveCfg = Release|Any CPU
		{55A11592-E231-4F4D-B0FD-00E32A5A2C23}.Release|Any CPU.Build.0 = Release|Any CPU
		{70B07DE6-8033-451B-A779-305676AC8BA3}.Debug|Any CPU.ActiveCfg = Debug|Any CPU
		{70B07DE6-8033-451B-A779-305676AC8BA3}.Debug|Any CPU.Build.0 = Debug|Any CPU
		{70B07DE6-8033-451B-A779-305676AC8BA3}.Release|Any CPU.ActiveCfg = Release|Any CPU
		{70B07DE6-8033-451B-A779-305676AC8BA3}.Release|Any CPU.Build.0 = Release|Any CPU
		{39B6A30E-3B8B-42CC-ABAF-DF282A0F72CD}.Debug|Any CPU.ActiveCfg = Debug|Any CPU
		{39B6A30E-3B8B-42CC-ABAF-DF282A0F72CD}.Debug|Any CPU.Build.0 = Debug|Any CPU
		{39B6A30E-3B8B-42CC-ABAF-DF282A0F72CD}.Release|Any CPU.ActiveCfg = Release|Any CPU
		{39B6A30E-3B8B-42CC-ABAF-DF282A0F72CD}.Release|Any CPU.Build.0 = Release|Any CPU
		{5AEC0EE4-5C38-4AB3-8D3E-CF9DBDD0C365}.Debug|Any CPU.ActiveCfg = Debug|Any CPU
		{5AEC0EE4-5C38-4AB3-8D3E-CF9DBDD0C365}.Debug|Any CPU.Build.0 = Debug|Any CPU
		{5AEC0EE4-5C38-4AB3-8D3E-CF9DBDD0C365}.Release|Any CPU.ActiveCfg = Release|Any CPU
		{5AEC0EE4-5C38-4AB3-8D3E-CF9DBDD0C365}.Release|Any CPU.Build.0 = Release|Any CPU
	EndGlobalSection
	GlobalSection(SolutionProperties) = preSolution
		HideSolutionNode = FALSE
	EndGlobalSection
	GlobalSection(NestedProjects) = preSolution
		{70CF49CC-BBB0-4EFA-9229-DE64FF31ACF1} = {721EA9CD-FCA0-4484-9226-F4CD3833959F}
		{0CEE4765-8F40-4CF2-8E6F-AB3C107868CE} = {721EA9CD-FCA0-4484-9226-F4CD3833959F}
		{1ACFFAE4-AA23-4709-BE7F-CFFEF41DD22E} = {721EA9CD-FCA0-4484-9226-F4CD3833959F}
		{D44B907B-1CA6-4ECB-8869-83F637D4B45E} = {FC477916-E302-451B-A80E-3DA85147354E}
		{68BB24DC-D74F-4FCF-A838-D1747F0AE4C7} = {FC477916-E302-451B-A80E-3DA85147354E}
		{BD7C0D87-3E13-489C-A92F-D367AEFEFA72} = {BF6E921C-B890-4F0E-91CD-BCB060D906E5}
		{C0553BFF-23F5-4F6C-90A8-46C0EADCD0F3} = {721EA9CD-FCA0-4484-9226-F4CD3833959F}
		{55A11592-E231-4F4D-B0FD-00E32A5A2C23} = {721EA9CD-FCA0-4484-9226-F4CD3833959F}
		{70B07DE6-8033-451B-A779-305676AC8BA3} = {721EA9CD-FCA0-4484-9226-F4CD3833959F}
		{39B6A30E-3B8B-42CC-ABAF-DF282A0F72CD} = {721EA9CD-FCA0-4484-9226-F4CD3833959F}
		{5AEC0EE4-5C38-4AB3-8D3E-CF9DBDD0C365} = {721EA9CD-FCA0-4484-9226-F4CD3833959F}
	EndGlobalSection
	GlobalSection(ExtensibilityGlobals) = postSolution
		SolutionGuid = {4A8507FA-B0E0-4282-81FA-6A3A33A041B2}
	EndGlobalSection
EndGlobal
